
Microsoft Visual Studio Solution File, Format Version 12.00
# Visual Studio Version 17
VisualStudioVersion = 17.10.34607.79
MinimumVisualStudioVersion = 10.0.40219.1
Project("{FAE04EC0-301F-11D3-BF4B-00C04F79EFBC}") = "MVCEF", "MVCEF.csproj", "{7A70DC45-736D-4DC6-817A-7FBA39DBF4EB}"
EndProject
Global
	GlobalSection(SolutionConfigurationPlatforms) = preSolution
		Debug|Any CPU = Debug|Any CPU
		Release|Any CPU = Release|Any CPU
	EndGlobalSection
	GlobalSection(ProjectConfigurationPlatforms) = postSolution
		{7A70DC45-736D-4DC6-817A-7FBA39DBF4EB}.Debug|Any CPU.ActiveCfg = Debug|Any CPU
		{7A70DC45-736D-4DC6-817A-7FBA39DBF4EB}.Debug|Any CPU.Build.0 = Debug|Any CPU
		{7A70DC45-736D-4DC6-817A-7FBA39DBF4EB}.Release|Any CPU.ActiveCfg = Release|Any CPU
		{7A70DC45-736D-4DC6-817A-7FBA39DBF4EB}.Release|Any CPU.Build.0 = Release|Any CPU
	EndGlobalSection
	GlobalSection(SolutionProperties) = preSolution
		HideSolutionNode = FALSE
	EndGlobalSection
	GlobalSection(ExtensibilityGlobals) = postSolution
		SolutionGuid = {E1B55ABF-8839-4B9E-8EE0-FF5560A7A611}
	EndGlobalSection
EndGlobal
